
Microsoft Visual Studio Solution File, Format Version 12.00
# Visual Studio Version 17
VisualStudioVersion = 17.4.33110.190
MinimumVisualStudioVersion = 10.0.40219.1
Project("{FAE04EC0-301F-11D3-BF4B-00C04F79EFBC}") = "PROG2370Final", "PROG2370Final.csproj", "{9872E4A8-5828-4F4C-BEC9-1C5C178A100F}"
EndProject
Global
	GlobalSection(SolutionConfigurationPlatforms) = preSolution
		Debug|Any CPU = Debug|Any CPU
		Release|Any CPU = Release|Any CPU
	EndGlobalSection
	GlobalSection(ProjectConfigurationPlatforms) = postSolution
		{9872E4A8-5828-4F4C-BEC9-1C5C178A100F}.Debug|Any CPU.ActiveCfg = Debug|Any CPU
		{9872E4A8-5828-4F4C-BEC9-1C5C178A100F}.Debug|Any CPU.Build.0 = Debug|Any CPU
		{9872E4A8-5828-4F4C-BEC9-1C5C178A100F}.Release|Any CPU.ActiveCfg = Release|Any CPU
		{9872E4A8-5828-4F4C-BEC9-1C5C178A100F}.Release|Any CPU.Build.0 = Release|Any CPU
	EndGlobalSection
	GlobalSection(SolutionProperties) = preSolution
		HideSolutionNode = FALSE
	EndGlobalSection
	GlobalSection(ExtensibilityGlobals) = postSolution
		SolutionGuid = {78B5B2D1-4493-429D-B10D-1B0FE09669AC}
	EndGlobalSection
EndGlobal
